version = 1
revision = 3
requires-python = ">=3.12"

[[package]]
name = "aws-sdk-bedrock-runtime"
version = "0.1.1"
source = { registry = "https://pypi.org/simple" }
dependencies = [
    { name = "smithy-aws-core", extra = ["eventstream", "json"] },
    { name = "smithy-core" },
    { name = "smithy-http", extra = ["awscrt"] },
]
sdist = { url = "https://files.pythonhosted.org/packages/1d/78/48574454b3cac869df67665e4a403ebfc3abfcfba2c2ff01ccfd67d55f8f/aws_sdk_bedrock_runtime-0.1.1.tar.gz", hash = "sha256:c896f99e675c3a1ab600633a07b785f3dc9fe8ab94f640b1f992b63da2dfc784", size = 82446, upload-time = "2025-10-21T20:25:25.845Z" }
wheels = [
    { url = "https://files.pythonhosted.org/packages/83/07/62c0b70223d178c138f29124ac2f7973a6ba803abc7735b6a01a85217f3d/aws_sdk_bedrock_runtime-0.1.1-py3-none-any.whl", hash = "sha256:c0336b377b2112cf88197d3d44302fbeb3efb1101989fa49ae55e78f49cfe345", size = 74954, upload-time = "2025-10-21T20:25:24.973Z" },
]

[[package]]
name = "aws-sdk-signers"
version = "0.1.0"
source = { registry = "https://pypi.org/simple" }
sdist = { url = "https://files.pythonhosted.org/packages/29/e8/d52776fb36090a4e3131bad73abe873c179935562cee8203825f0dd66341/aws_sdk_signers-0.1.0.tar.gz", hash = "sha256:da9755d2422753b51739be4e6a41dbd0130236475bac411c4e55f5a17c2788f7", size = 17801, upload-time = "2025-09-29T19:37:11.463Z" }
wheels = [
    { url = "https://files.pythonhosted.org/packages/6e/6d/ad965f7ea0fdd158127ff0db2230caa66968a8a61e26c7a02de50b7a6235/aws_sdk_signers-0.1.0-py3-none-any.whl", hash = "sha256:10664542275e692f484d54ae5367d8f37c1d9fea761775fac439ecdb6f0b311a", size = 21553, upload-time = "2025-09-29T19:37:10.328Z" },
]

[[package]]
name = "awscrt"
version = "0.28.4"
source = { registry = "https://pypi.org/simple" }
sdist = { url = "https://files.pythonhosted.org/packages/4d/40/99afe81abec294594302e60ee51c5ade36c5535ad5275fa50160b8a42877/awscrt-0.28.4.tar.gz", hash = "sha256:d2835094e92d0a3d1722d03afd54983115b2172d57581a664ad6a2af3d33c12c", size = 37902030, upload-time = "2025-11-04T20:08:12.208Z" }
wheels = [
    { url = "https://files.pythonhosted.org/packages/8e/c2/09fd461401f7bdb5f6c1bd18ff1542a2f42ae80e0e0a6f4246857c620ff0/awscrt-0.28.4-cp311-abi3-macosx_10_15_universal2.whl", hash = "sha256:694c183bf2c3ef1d538caa5a73c007cddd841529bc43c6beeb02eb6a353094e6", size = 3391612, upload-time = "2025-11-04T20:07:26.588Z" },
    { url = "https://files.pythonhosted.org/packages/94/32/0d63614f7aa42bc3bfad12a54bdb4375a283b6e6d3997facf5bdfeaa3b29/awscrt-0.28.4-cp311-abi3-manylinux2014_aarch64.manylinux_2_17_aarch64.whl", hash = "sha256:86bb7612250925d49480a4648d30855d8f3d0e1dd8c322c586b4684847ff5d70", size = 3801912, upload-time = "2025-11-04T20:07:27.827Z" },
    { url = "https://files.pythonhosted.org/packages/79/5d/95e57e2ec10fffc977158e37a212151063ebdca1539dca28be1f2910c8f1/awscrt-0.28.4-cp311-abi3-manylinux2014_x86_64.manylinux_2_17_x86_64.whl", hash = "sha256:046006703a7ed6278d5f80214c9aae02fc6b6a65a5f7ceb721becf9e1ad90604", size = 4067919, upload-time = "2025-11-04T20:07:29.359Z" },
    { url = "https://files.pythonhosted.org/packages/7f/ea/e4cd422599ce70e486d3d5e693a4aa79903ad250eade0f657469799b0231/awscrt-0.28.4-cp311-abi3-musllinux_1_1_aarch64.whl", hash = "sha256:9389743eb4c04d1fa0ed5448b4bc6c8283239ece9a9ff4145a5d41ddecd02d42", size = 3702507, upload-time = "2025-11-04T20:07:30.937Z" },
    { url = "https://files.pythonhosted.org/packages/1c/8b/953b692135db3483784436e67ee0fa6aff77c6333bdb3e1139fabe8c9382/awscrt-0.28.4-cp311-abi3-musllinux_1_1_x86_64.whl", hash = "sha256:a14b75f6c0cf79f2cb614c2459a492f8fed1836456e6488125652c9b2e7777aa", size = 3930600, upload-time = "2025-11-04T20:07:32.487Z" },
    { url = "https://files.pythonhosted.org/packages/c9/44/031b72a54d64b6c24be5d2f24d7dce9283af76cfdab6f198f808aee5e4dd/awscrt-0.28.4-cp311-abi3-win32.whl", hash = "sha256:a40aa941cf8201382986e4287c4fe51067a8bc2c78d9668937a6861cf14a54c6", size = 3930375, upload-time = "2025-11-04T20:07:34.107Z" },
    { url = "https://files.pythonhosted.org/packages/62/bc/fe2ee60ca5e121f41ed40d9a810fc86dd8a882eb53185dc664ec671fe167/awscrt-0.28.4-cp311-abi3-win_amd64.whl", hash = "sha256:7e0559ea770589958cdbed21f46d2ffdec2836ef43a00a4689d25205bb05cd22", size = 4068757, upload-time = "2025-11-04T20:07:35.43Z" },
    { url = "https://files.pythonhosted.org/packages/23/c9/3ae1c5e3be5c3d181a97cad673e9c11b56eaaf78406aa5dda2e081762799/awscrt-0.28.4-cp313-abi3-macosx_10_15_universal2.whl", hash = "sha256:dd23b9bad57812d7b1d1de785e10a44e3352cf1f3c0e5bd7b678b27d93f482a4", size = 3390633, upload-time = "2025-11-04T20:07:36.589Z" },
    { url = "https://files.pythonhosted.org/packages/54/e2/9e64a5e8259eaaf9a2ec98d2f889007dece81fe5dbbbc93ea65434342497/awscrt-0.28.4-cp313-abi3-manylinux2014_aarch64.manylinux_2_17_aarch64.whl", hash = "sha256:8bfbe9dae84acb76d05ffde64a85c06e71c05819890f4c28be3204c75e0d5c76", size = 3792605, upload-time = "2025-11-04T20:07:38.107Z" },
    { url = "https://files.pythonhosted.org/packages/e1/33/afb97011c7574b7bbab68da414648d3b0935dc7d3ef2518fbf1f4858f457/awscrt-0.28.4-cp313-abi3-manylinux2014_x86_64.manylinux_2_17_x86_64.whl", hash = "sha256:8f1aef999e0d48a4c3c2e6a713849392b883f918f4c1ce2b00d701c94c3252f8", size = 4063101, upload-time = "2025-11-04T20:07:39.742Z" },
    { url = "https://files.pythonhosted.org/packages/1a/d3/fec84f55ebed6d873d6c7eb9b0349ff91645fe739dd6573f1759ac4a3804/awscrt-0.28.4-cp313-abi3-musllinux_1_1_aarch64.whl", hash = "sha256:08b884bb6809d22f80921feb0ae9353fea1a750109a18d02057b6bba742db439", size = 3695411, upload-time = "2025-11-04T20:07:41.121Z" },
    { url = "https://files.pythonhosted.org/packages/cf/33/4c5d2c010573f872c24bdcf7e739ace882da408a5e042ae0eac275d2a13a/awscrt-0.28.4-cp313-abi3-musllinux_1_1_x86_64.whl", hash = "sha256:1c6319d297d18ba7cf3c6a8f69f76fd22b949e4ea8a280eb2098a8d6ed0d25be", size = 3925529, upload-time = "2025-11-04T20:07:42.303Z" },
    { url = "https://files.pythonhosted.org/packages/d9/3a/fd0798fa2285d2d98d669620d7ef8a0bd9d3df347c074000ef99316de15d/awscrt-0.28.4-cp313-abi3-win32.whl", hash = "sha256:277af1c4e5ef666192bd04aea8c3afcbb26d7794594f6f7ba23d7285df5be65e", size = 3927616, upload-time = "2025-11-04T20:07:43.484Z" },
    { url = "https://files.pythonhosted.org/packages/d9/c2/80ebd13c48a3398b9f36031b8eef7abd411c92f0a43c5c1aafa57bb346bd/awscrt-0.28.4-cp313-abi3-win_amd64.whl", hash = "sha256:1dd5dac3f761cb74c70c7feebf9f8dc96dc3b8db8248e5899bcbf34633d974a3", size = 4063960, upload-time = "2025-11-04T20:07:44.808Z" },
]

[[package]]
name = "botocore"
version = "1.43.108"
source = { registry = "https://pypi.org/simple" }
dependencies = [
    { name = "jmespath" },
    { name = "python-dateutil" },
    { name = "urllib3" },
]
sdist = { url = "https://files.pythonhosted.org/packages/61/16/6b4477f433da2c11193802f538330ce080076c2f38d817ad437ed3cd1465/botocore-1.43.108.tar.gz", hash = "sha256:ee4f75cf3bdbb0da7912e089950e8112f692016539d939312c771499958e6cfd", size = 16312879, upload-time = "2026-10-02T19:32:20.797Z" }
wheels = [
    { url = "https://files.pythonhosted.org/packages/7a/0b/4670b7e23914b5cc357be5ca45fae503b57d98ecff4b3eabea70412809fd/botocore-1.43.108-py3-none-any.whl", hash = "sha256:ab9d16c6b4350aaa54ed28202dfa2998b2d735fdbf3247eb60af469d8d48a5b8", size = 16008194, upload-time = "2026-10-02T19:32:15.086Z" },
]

[[package]]
name = "careonex-voice"
version = "0.2.0"
source = { editable = "." }
dependencies = [
    { name = "aws-sdk-bedrock-runtime" },
    { name = "botocore" },
    { name = "smithy-aws-core" },
]

[package.optional-dependencies]
mic = [
    { name = "pyaudio" },
]

[package.dev-dependencies]
dev = [
    { name = "pytest" },
]

[package.metadata]
requires-dist = [
    { name = "aws-sdk-bedrock-runtime", specifier = ">=0.1.0,<0.2.0" },
    { name = "botocore", specifier = ">=1.34" },
    { name = "pyaudio", marker = "extra == 'mic'", specifier = ">=0.2.13" },
    { name = "smithy-aws-core", specifier = ">=0.0.1" },
]
provides-extras = ["mic"]

[package.metadata.requires-dev]
dev = [{ name = "pytest", specifier = ">=8" }]

[[package]]
name = "colorama"
version = "0.4.6"
source = { registry = "https://pypi.org/simple" }
sdist = { url = "https://files.pythonhosted.org/packages/d8/53/6f443c9a4a8358a93a6792e2acffb9d9d5cb0a5cfd8802644b7b1c9a02e4/colorama-0.4.6.tar.gz", hash = "sha256:08695f5cb7ed6e0531a20572697297273c47b8cae5a63ffc6d6ed5c201be6e44", size = 27697, upload-time = "2022-10-25T02:36:22.414Z" }
wheels = [
    { url = "https://files.pythonhosted.org/packages/d1/d6/3965ed04c63042e047cb6a3e6ed1a63a35087b6a609aa3a15ed8ac56c221/colorama-0.4.6-py2.py3-none-any.whl", hash = "sha256:4f1d9991f5acc0ca119f9d443620b77f9d6b33703e51011c16baf57afb285fc6", size = 25335, upload-time = "2022-10-25T02:36:20.889Z" },
]

[[package]]
name = "ijson"
version = "3.5.1"
source = { registry = "https://pypi.org/simple" }
sdist = { url = "https://files.pythonhosted.org/packages/3a/06/b31f040a8764336a11152e474a7abcb3782fedb0d1cdf78f442b82878c56/ijson-3.5.1.tar.gz", hash = "sha256:af40bd1a85f55db0b8b30715c858761306bd92d5590148636f75c3309e6e76bd", size = 69913, upload-time = "2026-07-06T17:37:42.923Z" }
wheels = [
    { url = "https://files.pythonhosted.org/packages/5b/6e/f3ded1ebb85ccc89a30f7b10a0076f30db70ae1d1e0b6423ff93c57b7539/ijson-3.5.1-cp312-cp312-macosx_10_13_universal2.whl", hash = "sha256:ee60c7741012671867678eae71c51872cac938b76f3d4ca40a778e6c361774d2", size = 88643, upload-time = "2026-07-06T17:36:28.529Z" },
    { url = "https://files.pythonhosted.org/packages/ee/f2/18f14a1d79ef4898e746b4f50dcdbe60abab317cc2bd8390f043b9553c4e/ijson-3.5.1-cp312-cp312-macosx_10_13_x86_64.whl", hash = "sha256:11c1d7d36a13054b5872ecd5d745dc4009d9abdbcba2312de69e66c2f92a46d2", size = 60611, upload-time = "2026-07-06T17:36:29.597Z" },
    { url = "https://files.pythonhosted.org/packages/30/c7/6e3e591324fd4c7a7a9e1bc23548bacbd84c0d91766b71f09f13e945e7e9/ijson-3.5.1-cp312-cp312-macosx_11_0_arm64.whl", hash = "sha256:b9517efbe6604bce16f3e50d49b0cd1bdc58917f98cf2eab026599c5c0422991", size = 60447, upload-time = "2026-07-06T17:36:30.747Z" },
    { url = "https://files.pythonhosted.org/packages/4d/a5/9af7be670381ddac26dd55107ed0110b50f5161673b053311db67f510dcc/ijson-3.5.1-cp312-cp312-manylinux1_i686.manylinux_2_28_i686.manylinux_2_5_i686.whl", hash = "sha256:ea4fd7bec203a600b1cc88a492dfe6b75ce4b1b87488a66adcd5406022213f64", size = 139092, upload-time = "2026-07-06T17:36:31.749Z" },
    { url = "https://files.pythonhosted.org/packages/41/fb/f9c1664d75467453e6bd4e5f9cd2211b730b09e049445ab64cbac68cc6a3/ijson-3.5.1-cp312-cp312-manylinux2014_aarch64.manylinux_2_17_aarch64.manylinux_2_28_aarch64.whl", hash = "sha256:350caea815e53151994b597abc80cf669454276b5ac6aadcec69ef6d48f7e90b", size = 149921, upload-time = "2026-07-06T17:36:32.912Z" },
    { url = "https://files.pythonhosted.org/packages/43/80/d20b1c49c4aa7cc6644131e2e57192b45346ef4816566ed1cd9fd05bae38/ijson-3.5.1-cp312-cp312-manylinux2014_x86_64.manylinux_2_17_x86_64.manylinux_2_28_x86_64.whl", hash = "sha256:e4fcebfe1685bb7ba06a8255a5d428ea6b4b895d7acf979cb637d8bbc9db2f47", size = 149848, upload-time = "2026-07-06T17:36:34.032Z" },
    { url = "https://files.pythonhosted.org/packages/fd/fc/5baa710869f5ab939e6233583ced1546889b55c35f35b844c518ac10abc3/ijson-3.5.1-cp312-cp312-musllinux_1_2_aarch64.whl", hash = "sha256:d78f362f51c8691798758a9e6ac3c9d385ee1228cb82987c91562a2fae235cd3", size = 150810, upload-time = "2026-07-06T17:36:35.19Z" },
    { url = "https://files.pythonhosted.org/packages/54/16/a12b3d987a5c1677b04557c6f9b9feb7e04b7d4171e9a344856cb9136e9b/ijson-3.5.1-cp312-cp312-musllinux_1_2_i686.whl", hash = "sha256:0b184180d45f85fd4479659582749b109e49f4a29c21ac700ccc9c2280fe015e", size = 142989, upload-time = "2026-07-06T17:36:36.23Z" },
    { url = "https://files.pythonhosted.org/packages/ed/63/1026c535671fc334fc85aeb78f0945c825e7a338575edc753c0f455459ae/ijson-3.5.1-cp312-cp312-musllinux_1_2_x86_64.whl", hash = "sha256:e353891d33a2e6aa5caf72c2a5fbadd7a46f5f9b32dcfd0c84113b2444c255b8", size = 151702, upload-time = "2026-07-06T17:36:37.296Z" },
    { url = "https://files.pythonhosted.org/packages/cb/af/b58aa3a2bf4d31c388ea78b49826605f60932891ce97e404d196766b4ea3/ijson-3.5.1-cp312-cp312-win32.whl", hash = "sha256:936f28671f018f8ac4d3f003ae9fa01d0467ab4ef4cfd0c97f23beda485b61c6", size = 52613, upload-time = "2026-07-06T17:36:38.345Z" },
    { url = "https://files.pythonhosted.org/packages/04/66/ce70a92949c2a753dad91fdd5761dc14f3a44517e80cfc3c26612982ed61/ijson-3.5.1-cp312-cp312-win_amd64.whl", hash = "sha256:322c783f3ee0c6b383bbd4db88370b10172168808cc2a0bf811f1253f7435602", size = 54729, upload-time = "2026-07-06T17:36:39.337Z" },
    { url = "https://files.pythonhosted.org/packages/a5/ff/e17784240c9cf1d58de2f2853ebaf9cc54f6bce117a1f12a6150bbb4a5aa/ijson-3.5.1-cp312-cp312-win_arm64.whl", hash = "sha256:e2ac204b59f09e38e16d277f906240e9fd38780e42076599419265af183dc4b4", size = 53714, upload-time = "2026-07-06T17:36:40.308Z" },
    { url = "https://files.pythonhosted.org/packages/fd/c0/5384ccf4fc497ae3dc79a5a28561b05518b503ade29daf3898168d640406/ijson-3.5.1-cp313-cp313-macosx_10_13_universal2.whl", hash = "sha256:3c0556d628443d3e871f414855313b2ae6cd9faa0104de3316bd8db03aab1589", size = 88652, upload-time = "2026-07-06T17:36:41.278Z" },
    { url = "https://files.pythonhosted.org/packages/8e/42/58769b8b6d614adb15c2c938c77bcdbfadfba8b1d21a98b5b09cb8961adc/ijson-3.5.1-cp313-cp313-macosx_10_13_x86_64.whl", hash = "sha256:12aa7fcf46f0fdc8e9e7cf37541e1dc20ac3f9243a23f4d346ab5395f72b0fe2", size = 60607, upload-time = "2026-07-06T17:36:42.697Z" },
    { url = "https://files.pythonhosted.org/packages/db/4a/8322c2824c24184880587bbca45531127a21a4b3bfc897f13427fea02424/ijson-3.5.1-cp313-cp313-macosx_11_0_arm64.whl", hash = "sha256:a96066d8c12a18ce2fa90579f2bbf991377cb71725874932e4a5d855226c162a", size = 60447, upload-time = "2026-07-06T17:36:43.791Z" },
    { url = "https://files.pythonhosted.org/packages/f4/43/7bdca8f733c45ce97f61a64fadd3e51d255c4c9b467345cbf71ccc7bb368/ijson-3.5.1-cp313-cp313-manylinux1_i686.manylinux_2_28_i686.manylinux_2_5_i686.whl", hash = "sha256:a19413a092d458a57aaa574fec08e265851d3b5c6e018377f426cd5e70b91280", size = 138889, upload-time = "2026-07-06T17:36:45.081Z" },
    { url = "https://files.pythonhosted.org/packages/e7/dc/e8a2e63700ab1d63aaf3fa38c454f8178eaa5b80a6d7c019d1d61b490a6c/ijson-3.5.1-cp313-cp313-manylinux2014_aarch64.manylinux_2_17_aarch64.manylinux_2_28_aarch64.whl", hash = "sha256:65974568748678165d7e90e3e7ce2f7c233cfe4de6c37fbb0760941c97e14632", size = 149933, upload-time = "2026-07-06T17:36:46.312Z" },
    { url = "https://files.pythonhosted.org/packages/d9/56/640a4d980f7f2c11e399a7fd5ccb9e3d3c9e1dec3a1d5a10024570697c25/ijson-3.5.1-cp313-cp313-manylinux2014_x86_64.manylinux_2_17_x86_64.manylinux_2_28_x86_64.whl", hash = "sha256:bad5d55c99c89de8cd0a4cded51f86427ba3353c4dccca37ec2e32e06f26b437", size = 149857, upload-time = "2026-07-06T17:36:47.309Z" },
    { url = "https://files.pythonhosted.org/packages/3d/a1/c953e22c83992b69ae538a83b3678d28768f1a48042fc7794733423a5ce7/ijson-3.5.1-cp313-cp313-musllinux_1_2_aarch64.whl", hash = "sha256:1a38d503ce343952e88edfd9a27296a4ec96af7073a9db58b3df6233367f75fc", size = 151141, upload-time = "2026-07-06T17:36:48.405Z" },
    { url = "https://files.pythonhosted.org/packages/9e/ab/8fe5b7269b140e6e5f8837a33ce980fd9b67c70d0f8114289ed1cea4dace/ijson-3.5.1-cp313-cp313-musllinux_1_2_i686.whl", hash = "sha256:2f41982c73896acab4a2a14faa14e152e444bd69f37c3139204429fd3fe65a10", size = 143112, upload-time = "2026-07-06T17:36:50.353Z" },
    { url = "https://files.pythonhosted.org/packages/78/f3/23d1284edcde50ba337ddfba5b5d59f8273084d98b28af94715e73dd2b64/ijson-3.5.1-cp313-cp313-musllinux_1_2_x86_64.whl", hash = "sha256:3321fede2b638d400de0036889a3a25c3bb689feb8df45e70a393346aad6194f", size = 152184, upload-time = "2026-07-06T17:36:51.536Z" },
    { url = "https://files.pythonhosted.org/packages/82/4e/df61be89dd295e4da722ec96ba03b1765bcb2becdaaaede9c96a7d2365b6/ijson-3.5.1-cp313-cp313-win32.whl", hash = "sha256:af6ddbd10ac9bce87a835f2de3ec61455ec435c54e7e0ba7b17c31c66de6f164", size = 52607, upload-time = "2026-07-06T17:36:52.596Z" },
    { url = "https://files.pythonhosted.org/packages/4a/d9/03e5dbd3ef7e0cee06fbef0f87b91d7ce1c07fae9b5a1b0ca8b895de62c4/ijson-3.5.1-cp313-cp313-win_amd64.whl", hash = "sha256:1de3de278b0ffb40338374ad2a730e1c56f933e0706b1815ebeb07b82239b1a3", size = 54730, upload-time = "2026-07-06T17:36:53.526Z" },
    { url = "https://files.pythonhosted.org/packages/38/30/4f37076c88a96a1a5e44df38b59fade4f59eaef87ef8b5162d55b2d426d5/ijson-3.5.1-cp313-cp313-win_arm64.whl", hash = "sha256:c8a36a19b92cb7172c6448ab94f446033cfa3129dc4894aebe205f96b3fabf42", size = 53719, upload-time = "2026-07-06T17:36:54.592Z" },
    { url = "https://files.pythonhosted.org/packages/f9/17/54f9180c0da9a9e96e5b3791bc74093f029a2344678b4da218c2699465bf/ijson-3.5.1-cp314-cp314-macosx_10_15_universal2.whl", hash = "sha256:21e1a250b254edba2f0dd7272a4c56f0a879aabe328d9e306dd1fc115f560e74", size = 89223, upload-time = "2026-07-06T17:36:55.534Z" },
    { url = "https://files.pythonhosted.org/packages/09/70/0ee0d2627c534174455a745ca25284797e71b0d6e2b2a1b31cc914e7b462/ijson-3.5.1-cp314-cp314-macosx_10_15_x86_64.whl", hash = "sha256:e01f95433725e2df62d682ff88e4a57bb694385ff2362bc364adec961167ae04", size = 60831, upload-time = "2026-07-06T17:36:56.554Z" },
    { url = "https://files.pythonhosted.org/packages/8d/e6/56f64ba7a3e7a25d9a9fbbeb4c30597d6b76c1094cc2041d11a3224b562c/ijson-3.5.1-cp314-cp314-macosx_11_0_arm64.whl", hash = "sha256:539e8d6cca079bcbb68c390e55148f908e0a943a34f7dd321248637c6272adca", size = 60752, upload-time = "2026-07-06T17:36:57.826Z" },
    { url = "https://files.pythonhosted.org/packages/3e/2b/5a55db881f1b043cd6d5716578937a60ac16348be1a3afbf846b21cf4b44/ijson-3.5.1-cp314-cp314-manylinux1_i686.manylinux_2_28_i686.manylinux_2_5_i686.whl", hash = "sha256:32f64051be2f990d8ae7b614b5abdf4a7bead510ce3666568d7403c6c46ce4d8", size = 140783, upload-time = "2026-07-06T17:36:58.984Z" },
    { url = "https://files.pythonhosted.org/packages/2e/61/f7783cc18672dc31544141139efd187fb34795d24e573fed6abea6b776c7/ijson-3.5.1-cp314-cp314-manylinux2014_aarch64.manylinux_2_17_aarch64.manylinux_2_28_aarch64.whl", hash = "sha256:cd0dfc5a788d0b0c2f1eab258b9dabdeefc631ca8ef87644a999f633b0b2555a", size = 149976, upload-time = "2026-07-06T17:37:00.235Z" },
    { url = "https://files.pythonhosted.org/packages/5f/d6/4182dd63b6b70eae4f5208c53558a050895a40734dff283463033c153742/ijson-3.5.1-cp314-cp314-manylinux2014_x86_64.manylinux_2_17_x86_64.manylinux_2_28_x86_64.whl", hash = "sha256:42bfda7858d99ee9777ec28cb6d347928249eefeb577f9b0a67503c18f7ebb6a", size = 149317, upload-time = "2026-07-06T17:37:01.476Z" },
    { url = "https://files.pythonhosted.org/packages/01/b1/a675e4a9b428a0ef556e7d718bf0e6885e3e5543042248a1a7030899a3d4/ijson-3.5.1-cp314-cp314-musllinux_1_2_aarch64.whl", hash = "sha256:c4b9a28e9719d1aebebe93ad8dc2ba87f4e2d9035043b196c1c07ef8530b44cc", size = 150555, upload-time = "2026-07-06T17:37:02.676Z" },
    { url = "https://files.pythonhosted.org/packages/b5/69/52686f56b44af63a93c3dc3f5bcfa07f87427d9aea4d2cbe3e1c94188c74/ijson-3.5.1-cp314-cp314-musllinux_1_2_i686.whl", hash = "sha256:9a0b25c750a6bde14a0b31f1dcbfc86368e50767e3eaa73bb138e54128055edd", size = 144485, upload-time = "2026-07-06T17:37:03.779Z" },
    { url = "https://files.pythonhosted.org/packages/f0/46/10554e817dde56300a8414e52c0f5a44a29f3440327cd6d829ece57759b3/ijson-3.5.1-cp314-cp314-musllinux_1_2_x86_64.whl", hash = "sha256:bd756f7b22df745ac14b7bc2ab9ed7c190a222e4c8e1bef26ef1162af8e54d0f", size = 151470, upload-time = "2026-07-06T17:37:04.901Z" },
    { url = "https://files.pythonhosted.org/packages/91/82/f37cbb110b48abdb623d169d0e196f2f6e064e2c20fa789ecde6e69b0440/ijson-3.5.1-cp314-cp314-win32.whl", hash = "sha256:e035cdfb2a1446b13881f0dfc0eecd1541cbb17a27a938ded2160ae6ce25051b", size = 53219, upload-time = "2026-07-06T17:37:06.254Z" },
    { url = "https://files.pythonhosted.org/packages/00/58/792df8f001c246c8ff28f860de81d35ea0d797c0d3276c22a2af83089656/ijson-3.5.1-cp314-cp314-win_amd64.whl", hash = "sha256:eeb2fb2daa5dd30326f93db465d0855b34aa6b1f52a7c0ff94522aec5ad57dfb", size = 55485, upload-time = "2026-07-06T17:37:07.242Z" },
    { url = "https://files.pythonhosted.org/packages/c0/3c/db3ccc22c09ed4738787e8d82fff76101aa81ec8de7eaf6572e065e012d3/ijson-3.5.1-cp314-cp314-win_arm64.whl", hash = "sha256:a96ab35d7ce2129dfde49c4c807596443410e260d7f7a4ca8fe4d0035553b589", size = 54390, upload-time = "2026-07-06T17:37:08.497Z" },
    { url = "https://files.pythonhosted.org/packages/26/59/eefa5d9488250c03f24152576804205ae40e29cac0dc65cbbc5f3d422008/ijson-3.5.1-cp314-cp314t-macosx_10_15_universal2.whl", hash = "sha256:77b68e91f95fb16ac2e7819903cd545db6cffa308c28833cc34911e6b21e91dd", size = 93177, upload-time = "2026-07-06T17:37:09.71Z" },
    { url = "https://files.pythonhosted.org/packages/88/db/6329eb7bb9f1906c1906fc10e7074b8f08bf39b7d50baa58f1b597d48898/ijson-3.5.1-cp314-cp314t-macosx_10_15_x86_64.whl", hash = "sha256:94a95065b1ac67602af0cec852b07505abc37b77e3774d1c801d935d05e48f82", size = 62891, upload-time = "2026-07-06T17:37:10.735Z" },
    { url = "https://files.pythonhosted.org/packages/fc/d0/b3beddb96eef0b20bb9902c36e4de30f145be06d7e5e1d780e1a1689d0ce/ijson-3.5.1-cp314-cp314t-macosx_11_0_arm64.whl", hash = "sha256:b70b5da6b0571da8f601a437c4fba2d35bc27739637d85f3acdc8f88916ce68e", size = 62575, upload-time = "2026-07-06T17:37:11.681Z" },
    { url = "https://files.pythonhosted.org/packages/5b/01/95f3a7c27d25bb917954ef0c8e86d0e60f585b9db675cbd05d355f54cce8/ijson-3.5.1-cp314-cp314t-manylinux1_i686.manylinux_2_28_i686.manylinux_2_5_i686.whl", hash = "sha256:0ade373dd765b057b1dec05d7711bfeb5a36f1e825259466d9f545cfd8ef3ba3", size = 200568, upload-time = "2026-07-06T17:37:12.743Z" },
    { url = "https://files.pythonhosted.org/packages/77/61/c94ee4ea1f22318aab9a49b35d0ce8ac87dd24d508ea4c77dcbde362ba5e/ijson-3.5.1-cp314-cp314t-manylinux2014_aarch64.manylinux_2_17_aarch64.manylinux_2_28_aarch64.whl", hash = "sha256:882bc0bdd25d41eae90a15695cd50707edde0978b8b72a2532e30442dd8fd04c", size = 217956, upload-time = "2026-07-06T17:37:14.041Z" },
    { url = "https://files.pythonhosted.org/packages/1a/82/43e8d225aea5ee00eef7998c8ce41f344f7ba451329dfa9e92f4700813af/ijson-3.5.1-cp314-cp314t-manylinux2014_x86_64.manylinux_2_17_x86_64.manylinux_2_28_x86_64.whl", hash = "sha256:451901c36e12fa87cbb1cafe661bd25c08c6bd7900cc738279614f71cea07048", size = 208403, upload-time = "2026-07-06T17:37:15.201Z" },
    { url = "https://files.pythonhosted.org/packages/cf/6f/375f67fad76677aca9bc0817b2b18fdd231d309fe24e26b19a5556ef6cdd/ijson-3.5.1-cp314-cp314t-musllinux_1_2_aarch64.whl", hash = "sha256:e3c5f660658f2ebfba5d4dfe4bafe8cd3a0defcda410ec08d2205fe08c398940", size = 211967, upload-time = "2026-07-06T17:37:16.484Z" },
    { url = "https://files.pythonhosted.org/packages/dc/53/4c754c3ba18ec70b7086b91a4abd368358fc47cc9b3871afd50deef4fea1/ijson-3.5.1-cp314-cp314t-musllinux_1_2_i686.whl", hash = "sha256:29eb8f0c77a296a10843a1714ad4a5d561e604cda3c88585e9012cf2c1729b0a", size = 201020, upload-time = "2026-07-06T17:37:18.017Z" },
    { url = "https://files.pythonhosted.org/packages/26/2d/3e7191b3222a31c378b827565b4fa64676a293441279f84db3d971720bf5/ijson-3.5.1-cp314-cp314t-musllinux_1_2_x86_64.whl", hash = "sha256:85997568d6b304cfa59d5c3f2b04f95b92e9a8c7f57d312343a7989cf8dfff85", size = 205584, upload-time = "2026-07-06T17:37:19.343Z" },
    { url = "https://files.pythonhosted.org/packages/24/11/55ae9c915e68f37c8698f8b09355071dc808ced5e9d4abf8238dc363f500/ijson-3.5.1-cp314-cp314t-win32.whl", hash = "sha256:c2e2509dc7f2fa5a2ac9ba7d15dd901f4093bd36b0784f65e04b681b7956651c", size = 54438, upload-time = "2026-07-06T17:37:20.656Z" },
    { url = "https://files.pythonhosted.org/packages/96/df/5bf2656447f14a923d25a0401b1cd628ca05c23041d3a4c116ae8d44dc39/ijson-3.5.1-cp314-cp314t-win_amd64.whl", hash = "sha256:2699e838099d056818c5f8e4ba702b345d0304e58847bdc79c5c1616d5d750a5", size = 56467, upload-time = "2026-07-06T17:37:21.615Z" },
    { url = "https://files.pythonhosted.org/packages/4e/e4/dec06e84fac704039625039c6b116a44f17ad72fda48b8f88a2493364b77/ijson-3.5.1-cp314-cp314t-win_arm64.whl", hash = "sha256:c388f85cbb9eec022b2bdedd23ffacfe7ab100c1200b1f47bee6e6ea2c3309fa", size = 55774, upload-time = "2026-07-06T17:37:22.958Z" },
]

[[package]]
name = "iniconfig"
version = "2.3.0"
source = { registry = "https://pypi.org/simple" }
sdist = { url = "https://files.pythonhosted.org/packages/72/34/14ca021ce8e5dfedc35312d08ba8bf51fdd999c576889fc2c24cb97f4f10/iniconfig-2.3.0.tar.gz", hash = "sha256:c76315c77db068650d49c5b56314774a7804df16fee4402c1f19d6d15d8c4730", size = 20503, upload-time = "2025-10-18T21:55:43.219Z" }
wheels = [
    { url = "https://files.pythonhosted.org/packages/cb/b1/3846dd7f199d53cb17f49cba7e651e9ce294d8497c8c150530ed11865bb8/iniconfig-2.3.0-py3-none-any.whl", hash = "sha256:f631c04d2c48c52b84d0d0549c99ff3859c98df65b3101406327ecc7d53fbf12", size = 7484, upload-time = "2025-10-18T21:55:41.639Z" },
]

[[package]]
name = "jmespath"
version = "1.1.0"
source = { registry = "https://pypi.org/simple" }
sdist = { url = "https://files.pythonhosted.org/packages/d3/59/322338183ecda247fb5d1763a6cbe46eff7222eaeebafd9fa65d4bf5cb11/jmespath-1.1.0.tar.gz", hash = "sha256:472c87d80f36026ae83c6ddd0f1d05d4e510134ed462851fd5f754c8c3cbb88d", size = 27377, upload-time = "2026-01-22T16:35:26.279Z" }
wheels = [
    { url = "https://files.pythonhosted.org/packages/14/2f/967ba146e6d58cf6a652da73885f52fc68001525b4197effc174321d70b4/jmespath-1.1.0-py3-none-any.whl", hash = "sha256:a5663118de4908c91729bea0acadca56526eb2698e83de10cd116ae0f4e97c64", size = 20419, upload-time = "2026-01-22T16:35:24.919Z" },
]

[[package]]
name = "packaging"
version = "26.3"
source = { registry = "https://pypi.org/simple" }
sdist = { url = "https://files.pythonhosted.org/packages/7d/fa/3944b40b07da9ce895c0e6303a5ab7d53da063554f534556b134a54d6093/packaging-26.3.tar.gz", hash = "sha256:94edc256424af38762eb31306eed28beb9f0efc50a8837492c9d6fd6004aed79", size = 313412, upload-time = "2026-08-04T18:15:28.737Z" }
wheels = [
    { url = "https://files.pythonhosted.org/packages/63/34/ba1c580383c9eada3711951fef0795c80b829a078d72188184bcab9dd527/packaging-26.3-py3-none-any.whl", hash = "sha256:d7193f7c8e4e93f444fde0262bf90af30e16fa0ad0ad44cb553c87339b23cd1c", size = 129956, upload-time = "2026-08-04T18:15:27.159Z" },
]

[[package]]
name = "pluggy"
version = "1.6.0"
source = { registry = "https://pypi.org/simple" }
sdist = { url = "https://files.pythonhosted.org/packages/f9/e2/3e91f31a7d2b083fe6ef3fa267035b518369d9511ffab804f839851d2779/pluggy-1.6.0.tar.gz", hash = "sha256:7dcc130b76258d33b90f61b658791dede3486c3e6bfb003ee5c9bfb396dd22f3", size = 69412, upload-time = "2025-05-15T12:30:07.975Z" }
wheels = [
    { url = "https://files.pythonhosted.org/packages/54/20/4d324d65cc6d9205fabedc306948156824eb9f0ee1633355a8f7ec5c66bf/pluggy-1.6.0-py3-none-any.whl", hash = "sha256:e920276dd6813095e9377c0bc5566d94c932c33b27a3e3945d8389c374dd4746", size = 20538, upload-time = "2025-05-15T12:30:06.134Z" },
]

[[package]]
name = "pyaudio"
version = "0.2.14"
source = { registry = "https://pypi.org/simple" }
sdist = { url = "https://files.pythonhosted.org/packages/26/1d/8878c7752febb0f6716a7e1a52cb92ac98871c5aa522cba181878091607c/PyAudio-0.2.14.tar.gz", hash = "sha256:78dfff3879b4994d1f4fc6485646a57755c6ee3c19647a491f790a0895bd2f87", size = 47066, upload-time = "2023-11-07T07:11:48.806Z" }
wheels = [
    { url = "https://files.pythonhosted.org/packages/8d/45/8d2b76e8f6db783f9326c1305f3f816d4a12c8eda5edc6a2e1d03c097c3b/PyAudio-0.2.14-cp312-cp312-win32.whl", hash = "sha256:5fce4bcdd2e0e8c063d835dbe2860dac46437506af509353c7f8114d4bacbd5b", size = 144750, upload-time = "2023-11-07T07:11:40.142Z" },
    { url = "https://files.pythonhosted.org/packages/b0/6a/d25812e5f79f06285767ec607b39149d02aa3b31d50c2269768f48768930/PyAudio-0.2.14-cp312-cp312-win_amd64.whl", hash = "sha256:12f2f1ba04e06ff95d80700a78967897a489c05e093e3bffa05a84ed9c0a7fa3", size = 164126, upload-time = "2023-11-07T07:11:41.539Z" },
    { url = "https://files.pythonhosted.org/packages/3a/77/66cd37111a87c1589b63524f3d3c848011d21ca97828422c7fde7665ff0d/PyAudio-0.2.14-cp313-cp313-win32.whl", hash = "sha256:95328285b4dab57ea8c52a4a996cb52be6d629353315be5bfda403d15932a497", size = 150982, upload-time = "2024-11-20T19:12:12.404Z" },
    { url = "https://files.pythonhosted.org/packages/a5/8b/7f9a061c1cc2b230f9ac02a6003fcd14c85ce1828013aecbaf45aa988d20/PyAudio-0.2.14-cp313-cp313-win_amd64.whl", hash = "sha256:692d8c1446f52ed2662120bcd9ddcb5aa2b71f38bda31e58b19fb4672fffba69", size = 173655, upload-time = "2024-11-20T19:12:13.616Z" },
]

[[package]]
name = "pygments"
version = "2.21.0"
source = { registry = "https://pypi.org/simple" }
sdist = { url = "https://files.pythonhosted.org/packages/49/2e/ced460408999b33da6b31b0021b0f37d329e202d4169aeb164493778f25b/pygments-2.21.0.tar.gz", hash = "sha256:610ca751c9bc2492b38eb9a38a7fbc93edbbb2d7182edaf34e66ae493dee5c8c", size = 5005329, upload-time = "2026-08-17T08:02:48.824Z" }
wheels = [
    { url = "https://files.pythonhosted.org/packages/71/46/17f022dd3e953bf20a04a028a21ec746d942f8d2af30fa0f124fa0e6a684/pygments-2.21.0-py3-none-any.whl", hash = "sha256:2363c69b61c4a97c838da3b130dcd6468f4848992b21a82f2a63ec34377137d9", size = 1250147, upload-time = "2026-08-17T08:02:44.912Z" },
]

[[package]]
name = "pytest"
version = "9.1.1"
source = { registry = "https://pypi.org/simple" }
dependencies = [
    { name = "colorama", marker = "sys_platform == 'win32'" },
    { name = "iniconfig" },
    { name = "packaging" },
    { name = "pluggy" },
    { name = "pygments" },
]
sdist = { url = "https://files.pythonhosted.org/packages/e4/47/b9efed96c114afcfa3c9d3fe98a76a1d14c74a9e266d397cf6eb64be5e01/pytest-9.1.1.tar.gz", hash = "sha256:1088fbde8f2b49d95a549a195707afa7a76a3ce9bcadc26b6d71f0ffda5fe313", size = 1636369, upload-time = "2026-06-19T10:58:32.857Z" }
wheels = [
    { url = "https://files.pythonhosted.org/packages/24/25/1de2678b631f5a49215c6c96fff41ba892b0a34df68d6d80292b1b48aa7f/pytest-9.1.1-py3-none-any.whl", hash = "sha256:37a86b45efb9a47a61a36449063e8e18d0cab3161329fc099eb21783169c4f0c", size = 386536, upload-time = "2026-06-19T10:58:31.347Z" },
]

[[package]]
name = "python-dateutil"
version = "2.9.0.post0"
source = { registry = "https://pypi.org/simple" }
dependencies = [
    { name = "six" },
]
sdist = { url = "https://files.pythonhosted.org/packages/66/c0/0c8b6ad9f17a802ee498c46e004a0eb49bc148f2fd230864601a86dcf6db/python-dateutil-2.9.0.post0.tar.gz", hash = "sha256:37dd54208da7e1cd875388217d5e00ebd4179249f90fb72437e91a35459a0ad3", size = 342432, upload-time = "2024-03-01T18:36:20.211Z" }
wheels = [
    { url = "https://files.pythonhosted.org/packages/ec/57/56b9bcc3c9c6a792fcbaf139543cee77261f3651ca9da0c93f5c1221264b/python_dateutil-2.9.0.post0-py2.py3-none-any.whl", hash = "sha256:a8b2bc7bffae282281c8140a97d3aa9c14da0b136dfe83f850eea9a5f7470427", size = 229892, upload-time = "2024-03-01T18:36:18.57Z" },
]

[[package]]
name = "six"
version = "1.17.0"
source = { registry = "https://pypi.org/simple" }
sdist = { url = "https://files.pythonhosted.org/packages/94/e7/b2c673351809dca68a0e064b6af791aa332cf192da575fd474ed7d6f16a2/six-1.17.0.tar.gz", hash = "sha256:ff70335d468e7eb6ec65b95b99d3a2836546063f63acc5171de367e834932a81", size = 34031, upload-time = "2024-12-04T17:35:28.174Z" }
wheels = [
    { url = "https://files.pythonhosted.org/packages/b7/ce/149a00dd41f10bc29e5921b496af8b574d8413afcd5e30dfa0ed46c2cc5e/six-1.17.0-py2.py3-none-any.whl", hash = "sha256:4721f391ed90541fddacab5acf947aa0d3dc7d27b2e1e8eda2be8970586c3274", size = 11050, upload-time = "2024-12-04T17:35:26.475Z" },
]

[[package]]
name = "smithy-aws-core"
version = "0.1.1"
source = { registry = "https://pypi.org/simple" }
dependencies = [
    { name = "aws-sdk-signers" },
    { name = "smithy-core" },
    { name = "smithy-http" },
]
sdist = { url = "https://files.pythonhosted.org/packages/56/d3/f847e0fd36b95aa36ce3a4c9ce1a08e16b2aa9a56b71714045c9c924e282/smithy_aws_core-0.1.1.tar.gz", hash = "sha256:78dfd7040fc2bc72b6af293096642fc9a7bfd2db28ddbdf7c4110535eab9d662", size = 11196, upload-time = "2025-10-21T20:21:18.648Z" }
wheels = [
    { url = "https://files.pythonhosted.org/packages/d0/04/87cb06f0f6d664b5cffdef6d4042dd52c11c138436084d30ffdaa3543031/smithy_aws_core-0.1.1-py3-none-any.whl", hash = "sha256:0d1634f276c2999dc2a04fafef63b9d28309de50d939d1d49df952773a7063c4", size = 18963, upload-time = "2025-10-21T20:21:17.692Z" },
]

[package.optional-dependencies]
eventstream = [
    { name = "smithy-aws-event-stream" },
]
json = [
    { name = "smithy-json" },
]

[[package]]
name = "smithy-aws-event-stream"
version = "0.1.0"
source = { registry = "https://pypi.org/simple" }
dependencies = [
    { name = "smithy-core" },
]
sdist = { url = "https://files.pythonhosted.org/packages/49/26/8ff24194efed60b2df18f610ea05fa2a4c6546858b80a0a51335a4943b9b/smithy_aws_event_stream-0.1.0.tar.gz", hash = "sha256:6634691a3bf5d4801a2c29f0761db2dc4771f3ae43cdee50c10d4b4bb2f86475", size = 12216, upload-time = "2025-09-29T19:37:14.659Z" }
wheels = [
    { url = "https://files.pythonhosted.org/packages/90/c4/2b63d31af58fc359577e5515bf730348a235f2f2fa10e17af8640495c81c/smithy_aws_event_stream-0.1.0-py3-none-any.whl", hash = "sha256:17a7300a85cb90df4c6c23f895ca6343361fa419203c3cf80019edd7d3b5f036", size = 15581, upload-time = "2025-09-29T19:37:13.589Z" },
]

[[package]]
name = "smithy-core"
version = "0.1.1"
source = { registry = "https://pypi.org/simple" }
sdist = { url = "https://files.pythonhosted.org/packages/98/90/2c5ad0156bf75d4950181d3a3558b0498f2b4a827178da2227040cc26fa2/smithy_core-0.1.1.tar.gz", hash = "sha256:9a234845f54687fe770a7d5c4c8664baf8b72ff4c067b23b58c5d34f652a5cb6", size = 48472, upload-time = "2025-11-03T21:54:31.217Z" }
wheels = [
    { url = "https://files.pythonhosted.org/packages/73/8b/2a91a559889e0c8fc38f8a44f71713db29814c6bee7e1f471a5c5c72d8fe/smithy_core-0.1.1-py3-none-any.whl", hash = "sha256:87733488c4b7a95df47c8f46af625e40926e3089a751bdc3dcf3ffce86f490d0", size = 62893, upload-time = "2025-11-03T21:54:30.279Z" },
]

[[package]]
name = "smithy-http"
version = "0.2.1"
source = { registry = "https://pypi.org/simple" }
dependencies = [
    { name = "smithy-core" },
]
sdist = { url = "https://files.pythonhosted.org/packages/b4/39/a8540aa18e908405b36b21f31645464d1902fe6930ab2f6d237e759b7c5a/smithy_http-0.2.1.tar.gz", hash = "sha256:51113eba5e4ff87b20cb0e4317bfb11f32f7fe4ea0a2b146debc2dd04be1cf10", size = 26781, upload-time = "2025-11-03T21:54:37.809Z" }
wheels = [
    { url = "https://files.pythonhosted.org/packages/3c/cd/ae70ec70e5625be5f2ce8260b1a98bc488805b397bcd6061ebd5fc7736f6/smithy_http-0.2.1-py3-none-any.whl", hash = "sha256:fc284838c962d78c6171a3ae8ff8578957b276b735dff2f4b605beec5f458ca8", size = 37330, upload-time = "2025-11-03T21:54:36.968Z" },
]

[package.optional-dependencies]
awscrt = [
    { name = "awscrt" },
]

[[package]]
name = "smithy-json"
version = "0.1.0"
source = { registry = "https://pypi.org/simple" }
dependencies = [
    { name = "ijson" },
    { name = "smithy-core" },
]
sdist = { url = "https://files.pythonhosted.org/packages/e2/5b/0ecb10007475e1b8faca3bbff1be2fc6edb3ea12ffc5e939e2249be95325/smithy_json-0.1.0.tar.gz", hash = "sha256:84fb48e445b87d850c240d837702c16b259ea53bad76b655ac1bbd8094d48912", size = 7086, upload-time = "2025-09-29T19:37:20.432Z" }
wheels = [
    { url = "https://files.pythonhosted.org/packages/62/95/e11c04e56aae12b62e38c49000004a1dc598a64dc207018c08448efde322/smithy_json-0.1.0-py3-none-any.whl", hash = "sha256:80ff64734dccdabf1ba6a2908555b97e60f62c07c3a27df48e421ee058413cb9", size = 9914, upload-time = "2025-09-29T19:37:19.459Z" },
]

[[package]]
name = "urllib3"
version = "2.8.0"
source = { registry = "https://pypi.org/simple" }
sdist = { url = "https://files.pythonhosted.org/packages/e3/05/b17359e1cefb4f909b5e40b1b90a496d987258916dbbf88e842c729f510e/urllib3-2.8.0.tar.gz", hash = "sha256:63bf2ead4c879426ebf22ef2a781eeb4aa3b4ae798a0435506f8687fd5bb9b63", size = 458972, upload-time = "2026-09-15T19:29:36.253Z" }
wheels = [
    { url = "https://files.pythonhosted.org/packages/92/9d/c4e665119135114480843e7ab388fa94d8480650450e6f8e26b70d323a4c/urllib3-2.8.0-py3-none-any.whl", hash = "sha256:0cf3cae568d36aa9576b28dfb35f11328f1cb974ca7647d9475ebb86c75ac6e3", size = 135717, upload-time = "2026-09-15T19:29:34.577Z" },
]
